
Microsoft Visual Studio Solution File, Format Version 12.00
# Visual Studio Version 17
VisualStudioVersion = 17.11.35327.3
MinimumVisualStudioVersion = 10.0.40219.1
Project("{FAE04EC0-301F-11D3-BF4B-00C04F79EFBC}") = "DeThi02", "DeThi02\DeThi02.csproj", "{BFF3A5B8-AED5-4175-BC9A-853D73D7BCBE}"
EndProject
Global
	GlobalSection(SolutionConfigurationPlatforms) = preSolution
		Debug|Any CPU = Debug|Any CPU
		Release|Any CPU = Release|Any CPU
	EndGlobalSection
	GlobalSection(ProjectConfigurationPlatforms) = postSolution
		{BFF3A5B8-AED5-4175-BC9A-853D73D7BCBE}.Debug|Any CPU.ActiveCfg = Debug|Any CPU
		{BFF3A5B8-AED5-4175-BC9A-853D73D7BCBE}.Debug|Any CPU.Build.0 = Debug|Any CPU
		{BFF3A5B8-AED5-4175-BC9A-853D73D7BCBE}.Release|Any CPU.ActiveCfg = Release|Any CPU
		{BFF3A5B8-AED5-4175-BC9A-853D73D7BCBE}.Release|Any CPU.Build.0 = Release|Any CPU
	EndGlobalSection
	GlobalSection(SolutionProperties) = preSolution
		HideSolutionNode = FALSE
	EndGlobalSection
	GlobalSection(ExtensibilityGlobals) = postSolution
		SolutionGuid = {72668DAE-249D-49DA-970D-ADB8B80E5355}
	EndGlobalSection
EndGlobal
